
Microsoft Visual Studio Solution File, Format Version 12.00
# Visual Studio Version 17
VisualStudioVersion = 17.9.34728.123
MinimumVisualStudioVersion = 10.0.40219.1
Project("{FAE04EC0-301F-11D3-BF4B-00C04F79EFBC}") = "IFC Table View", "IFC Table View\IFC Table View.csproj", "{26B8E4FA-93E9-4E56-86CA-36E9D082810A}"
EndProject
Project("{9A19103F-16F7-4668-BE54-9A1E7A4F7556}") = "GeometryGymIFCcore", "DLL Projects\GeometryGymIFCcore\GeometryGymIFCcore.csproj", "{5B2D0B18-B329-409B-9B8B-C27FE53D1DCB}"
EndProject
Global
	GlobalSection(SolutionConfigurationPlatforms) = preSolution
		Debug|Any CPU = Debug|Any CPU
		Release|Any CPU = Release|Any CPU
	EndGlobalSection
	GlobalSection(ProjectConfigurationPlatforms) = postSolution
		{26B8E4FA-93E9-4E56-86CA-36E9D082810A}.Debug|Any CPU.ActiveCfg = Debug|Any CPU
		{26B8E4FA-93E9-4E56-86CA-36E9D082810A}.Debug|Any CPU.Build.0 = Debug|Any CPU
		{26B8E4FA-93E9-4E56-86CA-36E9D082810A}.Release|Any CPU.ActiveCfg = Release|Any CPU
		{26B8E4FA-93E9-4E56-86CA-36E9D082810A}.Release|Any CPU.Build.0 = Release|Any CPU
		{5B2D0B18-B329-409B-9B8B-C27FE53D1DCB}.Debug|Any CPU.ActiveCfg = Debug|Any CPU
		{5B2D0B18-B329-409B-9B8B-C27FE53D1DCB}.Debug|Any CPU.Build.0 = Debug|Any CPU
		{5B2D0B18-B329-409B-9B8B-C27FE53D1DCB}.Release|Any CPU.ActiveCfg = Release|Any CPU
		{5B2D0B18-B329-409B-9B8B-C27FE53D1DCB}.Release|Any CPU.Build.0 = Release|Any CPU
	EndGlobalSection
	GlobalSection(SolutionProperties) = preSolution
		HideSolutionNode = FALSE
	EndGlobalSection
	GlobalSection(ExtensibilityGlobals) = postSolution
		SolutionGuid = {2E37E779-EA2B-4C0F-B309-B5DD1DDC2FE1}
	EndGlobalSection
EndGlobal
